
Microsoft Visual Studio Solution File, Format Version 12.00
# Visual Studio Version 17
VisualStudioVersion = 17.3.32811.315
MinimumVisualStudioVersion = 10.0.40219.1
Project("{8BC9CEB8-8B4A-11D0-8D11-00A0C91BC942}") = "Sliwa_A_CGT215_Lab3", "Sliwa_A_CGT215_Lab3\Sliwa_A_CGT215_Lab3.vcxproj", "{F246F842-2515-498F-A4F0-1A1D81FA6C1F}"
EndProject
Global
	GlobalSection(SolutionConfigurationPlatforms) = preSolution
		Debug|x64 = Debug|x64
		Debug|x86 = Debug|x86
		Release|x64 = Release|x64
		Release|x86 = Release|x86
	EndGlobalSection
	GlobalSection(ProjectConfigurationPlatforms) = postSolution
		{F246F842-2515-498F-A4F0-1A1D81FA6C1F}.Debug|x64.ActiveCfg = Debug|x64
		{F246F842-2515-498F-A4F0-1A1D81FA6C1F}.Debug|x64.Build.0 = Debug|x64
		{F246F842-2515-498F-A4F0-1A1D81FA6C1F}.Debug|x86.ActiveCfg = Debug|Win32
		{F246F842-2515-498F-A4F0-1A1D81FA6C1F}.Debug|x86.Build.0 = Debug|Win32
		{F246F842-2515-498F-A4F0-1A1D81FA6C1F}.Release|x64.ActiveCfg = Release|x64
		{F246F842-2515-498F-A4F0-1A1D81FA6C1F}.Release|x64.Build.0 = Release|x64
		{F246F842-2515-498F-A4F0-1A1D81FA6C1F}.Release|x86.ActiveCfg = Release|Win32
		{F246F842-2515-498F-A4F0-1A1D81FA6C1F}.Release|x86.Build.0 = Release|Win32
	EndGlobalSection
	GlobalSection(SolutionProperties) = preSolution
		HideSolutionNode = FALSE
	EndGlobalSection
	GlobalSection(ExtensibilityGlobals) = postSolution
		SolutionGuid = {13A43B6A-D180-43EC-BA39-ECF5EB8F52E2}
	EndGlobalSection
EndGlobal
